// !$*UTF8*$!
{
	archiveVersion = 1;
	classes = {
	};
	objectVersion = 46;
	objects = {

/* Begin PBXBuildFile section */
		23D1266B1B42F0400064F221 /* AppDelegate.swift in Sources */ = {isa = PBXBuildFile; fileRef = 23D1266A1B42F0400064F221 /* AppDelegate.swift */; };
		23D1266D1B42F0400064F221 /* RootViewController.swift in Sources */ = {isa = PBXBuildFile; fileRef = 23D1266C1B42F0400064F221 /* RootViewController.swift */; };
		23D1266F1B42F0400064F221 /* DataViewController.swift in Sources */ = {isa = PBXBuildFile; fileRef = 23D1266E1B42F0400064F221 /* DataViewController.swift */; };
		23D126711B42F0400064F221 /* ModelController.swift in Sources */ = {isa = PBXBuildFile; fileRef = 23D126701B42F0400064F221 /* ModelController.swift */; };
		23D126741B42F0400064F221 /* Main.storyboard in Resources */ = {isa = PBXBuildFile; fileRef = 23D126721B42F0400064F221 /* Main.storyboard */; };
		23D126761B42F0400064F221 /* Images.xcassets in Resources */ = {isa = PBXBuildFile; fileRef = 23D126751B42F0400064F221 /* Images.xcassets */; };
		23D126791B42F0400064F221 /* LaunchScreen.xib in Resources */ = {isa = PBXBuildFile; fileRef = 23D126771B42F0400064F221 /* LaunchScreen.xib */; };
		23D126851B42F0400064F221 /* Home_In_TimeTests.swift in Sources */ = {isa = PBXBuildFile; fileRef = 23D126841B42F0400064F221 /* Home_In_TimeTests.swift */; };
/* End PBXBuildFile section */

/* Begin PBXContainerItemProxy section */
		23D1267F1B42F0400064F221 /* PBXContainerItemProxy */ = {
			isa = PBXContainerItemProxy;
			containerPortal = 23D1265D1B42F03F0064F221 /* Project object */;
			proxyType = 1;
			remoteGlobalIDString = 23D126641B42F03F0064F221;
			remoteInfo = "Home In Time";
		};
/* End PBXContainerItemProxy section */

/* Begin PBXFileReference section */
		23D126651B42F03F0064F221 /* Home In Time.app */ = {isa = PBXFileReference; explicitFileType = wrapper.application; includeInIndex = 0; path = "Home In Time.app"; sourceTree = BUILT_PRODUCTS_DIR; };
		23D126691B42F0400064F221 /* Info.plist */ = {isa = PBXFileReference; lastKnownFileType = text.plist.xml; path = Info.plist; sourceTree = "<group>"; };
		23D1266A1B42F0400064F221 /* AppDelegate.swift */ = {isa = PBXFileReference; lastKnownFileType = sourcecode.swift; path = AppDelegate.swift; sourceTree = "<group>"; };
		23D1266C1B42F0400064F221 /* RootViewController.swift */ = {isa = PBXFileReference; lastKnownFileType = sourcecode.swift; path = RootViewController.swift; sourceTree = "<group>"; };
		23D1266E1B42F0400064F221 /* DataViewController.swift */ = {isa = PBXFileReference; lastKnownFileType = sourcecode.swift; path = DataViewController.swift; sourceTree = "<group>"; };
		23D126701B42F0400064F221 /* ModelController.swift */ = {isa = PBXFileReference; lastKnownFileType = sourcecode.swift; path = ModelController.swift; sourceTree = "<group>"; };
		23D126731B42F0400064F221 /* Base */ = {isa = PBXFileReference; lastKnownFileType = file.storyboard; name = Base; path = Base.lproj/Main.storyboard; sourceTree = "<group>"; };
		23D126751B42F0400064F221 /* Images.xcassets */ = {isa = PBXFileReference; lastKnownFileType = folder.assetcatalog; path = Images.xcassets; sourceTree = "<group>"; };
		23D126781B42F0400064F221 /* Base */ = {isa = PBXFileReference; lastKnownFileType = file.xib; name = Base; path = Base.lproj/LaunchScreen.xib; sourceTree = "<group>"; };
		23D1267E1B42F0400064F221 /* Home In TimeTests.xctest */ = {isa = PBXFileReference; explicitFileType = wrapper.cfbundle; includeInIndex = 0; path = "Home In TimeTests.xctest"; sourceTree = BUILT_PRODUCTS_DIR; };
		23D126831B42F0400064F221 /* Info.plist */ = {isa = PBXFileReference; lastKnownFileType = text.plist.xml; path = Info.plist; sourceTree = "<group>"; };
		23D126841B42F0400064F221 /* Home_In_TimeTests.swift */ = {isa = PBXFileReference; lastKnownFileType = sourcecode.swift; path = Home_In_TimeTests.swift; sourceTree = "<group>"; };
/* End PBXFileReference section */

/* Begin PBXFrameworksBuildPhase section */
		23D126621B42F03F0064F221 /* Frameworks */ = {
			isa = PBXFrameworksBuildPhase;
			buildActionMask = 2147483647;
			files = (
			);
			runOnlyForDeploymentPostprocessing = 0;
		};
		23D1267B1B42F0400064F221 /* Frameworks */ = {
			isa = PBXFrameworksBuildPhase;
			buildActionMask = 2147483647;
			files = (
			);
			runOnlyForDeploymentPostprocessing = 0;
		};
/* End PBXFrameworksBuildPhase section */

/* Begin PBXGroup section */
		23D1265C1B42F03F0064F221 = {
			isa = PBXGroup;
			children = (
				23D126671B42F03F0064F221 /* Home In Time */,
				23D126811B42F0400064F221 /* Home In TimeTests */,
				23D126661B42F03F0064F221 /* Products */,
			);
			sourceTree = "<group>";
		};
		23D126661B42F03F0064F221 /* Products */ = {
			isa = PBXGroup;
			children = (
				23D126651B42F03F0064F221 /* Home In Time.app */,
				23D1267E1B42F0400064F221 /* Home In TimeTests.xctest */,
			);
			name = Products;
			sourceTree = "<group>";
		};
		23D126671B42F03F0064F221 /* Home In Time */ = {
			isa = PBXGroup;
			children = (
				23D1266A1B42F0400064F221 /* AppDelegate.swift */,
				23D1266C1B42F0400064F221 /* RootViewController.swift */,
				23D1266E1B42F0400064F221 /* DataViewController.swift */,
				23D126701B42F0400064F221 /* ModelController.swift */,
				23D126721B42F0400064F221 /* Main.storyboard */,
				23D126751B42F0400064F221 /* Images.xcassets */,
				23D126771B42F0400064F221 /* LaunchScreen.xib */,
				23D126681B42F03F0064F221 /* Supporting Files */,
			);
			path = "Home In Time";
			sourceTree = "<group>";
		};
		23D126681B42F03F0064F221 /* Supporting Files */ = {
			isa = PBXGroup;
			children = (
				23D126691B42F0400064F221 /* Info.plist */,
			);
			name = "Supporting Files";
			sourceTree = "<group>";
		};
		23D126811B42F0400064F221 /* Home In TimeTests */ = {
			isa = PBXGroup;
			children = (
				23D126841B42F0400064F221 /* Home_In_TimeTests.swift */,
				23D126821B42F0400064F221 /* Supporting Files */,
			);
			path = "Home In TimeTests";
			sourceTree = "<group>";
		};
		23D126821B42F0400064F221 /* Supporting Files */ = {
			isa = PBXGroup;
			children = (
				23D126831B42F0400064F221 /* Info.plist */,
			);
			name = "Supporting Files";
			sourceTree = "<group>";
		};
/* End PBXGroup section */

/* Begin PBXNativeTarget section */
		23D126641B42F03F0064F221 /* Home In Time */ = {
			isa = PBXNativeTarget;
			buildConfigurationList = 23D126881B42F0400064F221 /* Build configuration list for PBXNativeTarget "Home In Time" */;
			buildPhases = (
				23D126611B42F03F0064F221 /* Sources */,
				23D126621B42F03F0064F221 /* Frameworks */,
				23D126631B42F03F0064F221 /* Resources */,
			);
			buildRules = (
			);
			dependencies = (
			);
			name = "Home In Time";
			productName = "Home In Time";
			productReference = 23D126651B42F03F0064F221 /* Home In Time.app */;
			productType = "com.apple.product-type.application";
		};
		23D1267D1B42F0400064F221 /* Home In TimeTests */ = {
			isa = PBXNativeTarget;
			buildConfigurationList = 23D1268B1B42F0400064F221 /* Build configuration list for PBXNativeTarget "Home In TimeTests" */;
			buildPhases = (
				23D1267A1B42F0400064F221 /* Sources */,
				23D1267B1B42F0400064F221 /* Frameworks */,
				23D1267C1B42F0400064F221 /* Resources */,
			);
			buildRules = (
			);
			dependencies = (
				23D126801B42F0400064F221 /* PBXTargetDependency */,
			);
			name = "Home In TimeTests";
			productName = "Home In TimeTests";
			productReference = 23D1267E1B42F0400064F221 /* Home In TimeTests.xctest */;
			productType = "com.apple.product-type.bundle.unit-test";
		};
/* End PBXNativeTarget section */

/* Begin PBXProject section */
		23D1265D1B42F03F0064F221 /* Project object */ = {
			isa = PBXProject;
			attributes = {
				LastUpgradeCheck = 0630;
				ORGANIZATIONNAME = "Brady Stoffel";
				TargetAttributes = {
					23D126641B42F03F0064F221 = {
						CreatedOnToolsVersion = 6.3.2;
					};
					23D1267D1B42F0400064F221 = {
						CreatedOnToolsVersion = 6.3.2;
						TestTargetID = 23D126641B42F03F0064F221;
					};
				};
			};
			buildConfigurationList = 23D126601B42F03F0064F221 /* Build configuration list for PBXProject "Home In Time" */;
			compatibilityVersion = "Xcode 3.2";
			developmentRegion = English;
			hasScannedForEncodings = 0;
			knownRegions = (
				en,
				Base,
			);
			mainGroup = 23D1265C1B42F03F0064F221;
			productRefGroup = 23D126661B42F03F0064F221 /* Products */;
			projectDirPath = "";
			projectRoot = "";
			targets = (
				23D126641B42F03F0064F221 /* Home In Time */,
				23D1267D1B42F0400064F221 /* Home In TimeTests */,
			);
		};
/* End PBXProject section */

/* Begin PBXResourcesBuildPhase section */
		23D126631B42F03F0064F221 /* Resources */ = {
			isa = PBXResourcesBuildPhase;
			buildActionMask = 2147483647;
			files = (
				23D126741B42F0400064F221 /* Main.storyboard in Resources */,
				23D126791B42F0400064F221 /* LaunchScreen.xib in Resources */,
				23D126761B42F0400064F221 /* Images.xcassets in Resources */,
			);
			runOnlyForDeploymentPostprocessing = 0;
		};
		23D1267C1B42F0400064F221 /* Resources */ = {
			isa = PBXResourcesBuildPhase;
			buildActionMask = 2147483647;
			files = (
			);
			runOnlyForDeploymentPostprocessing = 0;
		};
/* End PBXResourcesBuildPhase section */

/* Begin PBXSourcesBuildPhase section */
		23D126611B42F03F0064F221 /* Sources */ = {
			isa = PBXSourcesBuildPhase;
			buildActionMask = 2147483647;
			files = (
				23D1266D1B42F0400064F221 /* RootViewController.swift in Sources */,
				23D126711B42F0400064F221 /* ModelController.swift in Sources */,
				23D1266F1B42F0400064F221 /* DataViewController.swift in Sources */,
				23D1266B1B42F0400064F221 /* AppDelegate.swift in Sources */,
			);
			runOnlyForDeploymentPostprocessing = 0;
		};
		23D1267A1B42F0400064F221 /* Sources */ = {
			isa = PBXSourcesBuildPhase;
			buildActionMask = 2147483647;
			files = (
				23D126851B42F0400064F221 /* Home_In_TimeTests.swift in Sources */,
			);
			runOnlyForDeploymentPostprocessing = 0;
		};
/* End PBXSourcesBuildPhase section */

/* Begin PBXTargetDependency section */
		23D126801B42F0400064F221 /* PBXTargetDependency */ = {
			isa = PBXTargetDependency;
			target = 23D126641B42F03F0064F221 /* Home In Time */;
			targetProxy = 23D1267F1B42F0400064F221 /* PBXContainerItemProxy */;
		};
/* End PBXTargetDependency section */

/* Begin PBXVariantGroup section */
		23D126721B42F0400064F221 /* Main.storyboard */ = {
			isa = PBXVariantGroup;
			children = (
				23D126731B42F0400064F221 /* Base */,
			);
			name = Main.storyboard;
			sourceTree = "<group>";
		};
		23D126771B42F0400064F221 /* LaunchScreen.xib */ = {
			isa = PBXVariantGroup;
			children = (
				23D126781B42F0400064F221 /* Base */,
			);
			name = LaunchScreen.xib;
			sourceTree = "<group>";
		};
/* End PBXVariantGroup section */

/* Begin XCBuildConfiguration section */
		23D126861B42F0400064F221 /* Debug */ = {
			isa = XCBuildConfiguration;
			buildSettings = {
				ALWAYS_SEARCH_USER_PATHS = NO;
				CLANG_CXX_LANGUAGE_STANDARD = "gnu++0x";
				CLANG_CXX_LIBRARY = "libc++";
				CLANG_ENABLE_MODULES = YES;
				CLANG_ENABLE_OBJC_ARC = YES;
				CLANG_WARN_BOOL_CONVERSION = YES;
				CLANG_WARN_CONSTANT_CONVERSION = YES;
				CLANG_WARN_DIRECT_OBJC_ISA_USAGE = YES_ERROR;
				CLANG_WARN_EMPTY_BODY = YES;
				CLANG_WARN_ENUM_CONVERSION = YES;
				CLANG_WARN_INT_CONVERSION = YES;
				CLANG_WARN_OBJC_ROOT_CLASS = YES_ERROR;
				CLANG_WARN_UNREACHABLE_CODE = YES;
				CLANG_WARN__DUPLICATE_METHOD_MATCH = YES;
				"CODE_SIGN_IDENTITY[sdk=iphoneos*]" = "iPhone Developer";
				COPY_PHASE_STRIP = NO;
				DEBUG_INFORMATION_FORMAT = "dwarf-with-dsym";
				ENABLE_STRICT_OBJC_MSGSEND = YES;
				GCC_C_LANGUAGE_STANDARD = gnu99;
				GCC_DYNAMIC_NO_PIC = NO;
				GCC_NO_COMMON_BLOCKS = YES;
				GCC_OPTIMIZATION_LEVEL = 0;
				GCC_PREPROCESSOR_DEFINITIONS = (
					"DEBUG=1",
					"$(inherited)",
				);
				GCC_SYMBOLS_PRIVATE_EXTERN = NO;
				GCC_WARN_64_TO_32_BIT_CONVERSION = YES;
				GCC_WARN_ABOUT_RETURN_TYPE = YES_ERROR;
				GCC_WARN_UNDECLARED_SELECTOR = YES;
				GCC_WARN_UNINITIALIZED_AUTOS = YES_AGGRESSIVE;
				GCC_WARN_UNUSED_FUNCTION = YES;
				GCC_WARN_UNUSED_VARIABLE = YES;
				IPHONEOS_DEPLOYMENT_TARGET = 8.3;
				MTL_ENABLE_DEBUG_INFO = YES;
				ONLY_ACTIVE_ARCH = YES;
				SDKROOT = iphoneos;
				SWIFT_OPTIMIZATION_LEVEL = "-Onone";
				TARGETED_DEVICE_FAMILY = "1,2";
			};
			name = Debug;
		};
		23D126871B42F0400064F221 /* Release */ = {
			isa = XCBuildConfiguration;
			buildSettings = {
				ALWAYS_SEARCH_USER_PATHS = NO;
				CLANG_CXX_LANGUAGE_STANDARD = "gnu++0x";
				CLANG_CXX_LIBRARY = "libc++";
				CLANG_ENABLE_MODULES = YES;
				CLANG_ENABLE_OBJC_ARC = YES;
				CLANG_WARN_BOOL_CONVERSION = YES;
				CLANG_WARN_CONSTANT_CONVERSION = YES;
				CLANG_WARN_DIRECT_OBJC_ISA_USAGE = YES_ERROR;
				CLANG_WARN_EMPTY_BODY = YES;
				CLANG_WARN_ENUM_CONVERSION = YES;
				CLANG_WARN_INT_CONVERSION = YES;
				CLANG_WARN_OBJC_ROOT_CLASS = YES_ERROR;
				CLANG_WARN_UNREACHABLE_CODE = YES;
				CLANG_WARN__DUPLICATE_METHOD_MATCH = YES;
				"CODE_SIGN_IDENTITY[sdk=iphoneos*]" = "iPhone Developer";
				COPY_PHASE_STRIP = NO;
				DEBUG_INFORMATION_FORMAT = "dwarf-with-dsym";
				ENABLE_NS_ASSERTIONS = NO;
				ENABLE_STRICT_OBJC_MSGSEND = YES;
				GCC_C_LANGUAGE_STANDARD = gnu99;
				GCC_NO_COMMON_BLOCKS = YES;
				GCC_WARN_64_TO_32_BIT_CONVERSION = YES;
				GCC_WARN_ABOUT_RETURN_TYPE = YES_ERROR;
				GCC_WARN_UNDECLARED_SELECTOR = YES;
				GCC_WARN_UNINITIALIZED_AUTOS = YES_AGGRESSIVE;
				GCC_WARN_UNUSED_FUNCTION = YES;
				GCC_WARN_UNUSED_VARIABLE = YES;
				IPHONEOS_DEPLOYMENT_TARGET = 8.3;
				MTL_ENABLE_DEBUG_INFO = NO;
				SDKROOT = iphoneos;
				TARGETED_DEVICE_FAMILY = "1,2";
				VALIDATE_PRODUCT = YES;
			};
			name = Release;
		};
		23D126891B42F0400064F221 /* Debug */ = {
			isa = XCBuildConfiguration;
			buildSettings = {
				ASSETCATALOG_COMPILER_APPICON_NAME = AppIcon;
				INFOPLIST_FILE = "Home In Time/Info.plist";
				LD_RUNPATH_SEARCH_PATHS = "$(inherited) @executable_path/Frameworks";
				PRODUCT_NAME = "$(TARGET_NAME)";
			};
			name = Debug;
		};
		23D1268A1B42F0400064F221 /* Release */ = {
			isa = XCBuildConfiguration;
			buildSettings = {
				ASSETCATALOG_COMPILER_APPICON_NAME = AppIcon;
				INFOPLIST_FILE = "Home In Time/Info.plist";
				LD_RUNPATH_SEARCH_PATHS = "$(inherited) @executable_path/Frameworks";
				PRODUCT_NAME = "$(TARGET_NAME)";
			};
			name = Release;
		};
		23D1268C1B42F0400064F221 /* Debug */ = {
			isa = XCBuildConfiguration;
			buildSettings = {
				BUNDLE_LOADER = "$(TEST_HOST)";
				FRAMEWORK_SEARCH_PATHS = (
					"$(SDKROOT)/Developer/Library/Frameworks",
					"$(inherited)",
				);
				GCC_PREPROCESSOR_DEFINITIONS = (
					"DEBUG=1",
					"$(inherited)",
				);
				INFOPLIST_FILE = "Home In TimeTests/Info.plist";
				LD_RUNPATH_SEARCH_PATHS = "$(inherited) @executable_path/Frameworks @loader_path/Frameworks";
				PRODUCT_NAME = "$(TARGET_NAME)";
				TEST_HOST = "$(BUILT_PRODUCTS_DIR)/Home In Time.app/Home In Time";
			};
			name = Debug;
		};
		23D1268D1B42F0400064F221 /* Release */ = {
			isa = XCBuildConfiguration;
			buildSettings = {
				BUNDLE_LOADER = "$(TEST_HOST)";
				FRAMEWORK_SEARCH_PATHS = (
					"$(SDKROOT)/Developer/Library/Frameworks",
					"$(inherited)",
				);
				INFOPLIST_FILE = "Home In TimeTests/Info.plist";
				LD_RUNPATH_SEARCH_PATHS = "$(inherited) @executable_path/Frameworks @loader_path/Frameworks";
				PRODUCT_NAME = "$(TARGET_NAME)";
				TEST_HOST = "$(BUILT_PRODUCTS_DIR)/Home In Time.app/Home In Time";
			};
			name = Release;
		};
/* End XCBuildConfiguration section */

/* Begin XCConfigurationList section */
		23D126601B42F03F0064F221 /* Build configuration list for PBXProject "Home In Time" */ = {
			isa = XCConfigurationList;
			buildConfigurations = (
				23D126861B42F0400064F221 /* Debug */,
				23D126871B42F0400064F221 /* Release */,
			);
			defaultConfigurationIsVisible = 0;
			defaultConfigurationName = Release;
		};
		23D126881B42F0400064F221 /* Build configuration list for PBXNativeTarget "Home In Time" */ = {
			isa = XCConfigurationList;
			buildConfigurations = (
				23D126891B42F0400064F221 /* Debug */,
				23D1268A1B42F0400064F221 /* Release */,
			);
			defaultConfigurationIsVisible = 0;
		};
		23D1268B1B42F0400064F221 /* Build configuration list for PBXNativeTarget "Home In TimeTests" */ = {
			isa = XCConfigurationList;
			buildConfigurations = (
				23D1268C1B42F0400064F221 /* Debug */,
				23D1268D1B42F0400064F221 /* Release */,
			);
			defaultConfigurationIsVisible = 0;
		};
/* End XCConfigurationList section */
	};
	rootObject = 23D1265D1B42F03F0064F221 /* Project object */;
}
